<?xml version="1.0" encoding="utf-8"?>
<Project ToolsVersion="4.0" xmlns="http://schemas.microsoft.com/developer/msbuild/2003">
  <ItemGroup>
    <ClCompile Include="src\ofApp.cpp">
      <Filter>src</Filter>
    </ClCompile>
    <ClCompile Include="src\main.cpp">
      <Filter>src</Filter>
    </ClCompile>
    <ClCompile Include="..\..\..\..\..\..\OpenFrameworks\addons\ofxGui\src\ofxBaseGui.cpp">
      <Filter>addons\ofxGui\src</Filter>
    </ClCompile>
    <ClCompile Include="..\..\..\..\..\..\OpenFrameworks\addons\ofxGui\src\ofxButton.cpp">
      <Filter>addons\ofxGui\src</Filter>
    </ClCompile>
    <ClCompile Include="..\..\..\..\..\..\OpenFrameworks\addons\ofxGui\src\ofxGuiGroup.cpp">
      <Filter>addons\ofxGui\src</Filter>
    </ClCompile>
    <ClCompile Include="..\..\..\..\..\..\OpenFrameworks\addons\ofxGui\src\ofxLabel.cpp">
      <Filter>addons\ofxGui\src</Filter>
    </ClCompile>
    <ClCompile Include="..\..\..\..\..\..\OpenFrameworks\addons\ofxGui\src\ofxPanel.cpp">
      <Filter>addons\ofxGui\src</Filter>
    </ClCompile>
    <ClCompile Include="..\..\..\..\..\..\OpenFrameworks\addons\ofxGui\src\ofxSlider.cpp">
      <Filter>addons\ofxGui\src</Filter>
    </ClCompile>
    <ClCompile Include="..\..\..\..\..\..\OpenFrameworks\addons\ofxGui\src\ofxSliderGroup.cpp">
      <Filter>addons\ofxGui\src</Filter>
    </ClCompile>
    <ClCompile Include="..\..\..\..\..\..\OpenFrameworks\addons\ofxGui\src\ofxToggle.cpp">
      <Filter>addons\ofxGui\src</Filter>
    </ClCompile>
    <ClCompile Include="..\..\..\..\..\..\OpenFrameworks\addons\ofxXmlSettings\src\ofxXmlSettings.cpp">
      <Filter>addons\ofxXmlSettings\src</Filter>
    </ClCompile>
    <ClCompile Include="..\..\..\..\..\..\OpenFrameworks\addons\ofxXmlSettings\libs\tinyxml.cpp">
      <Filter>addons\ofxXmlSettings\libs</Filter>
    </ClCompile>
    <ClCompile Include="..\..\..\..\..\..\OpenFrameworks\addons\ofxXmlSettings\libs\tinyxmlerror.cpp">
      <Filter>addons\ofxXmlSettings\libs</Filter>
    </ClCompile>
    <ClCompile Include="..\..\..\..\..\..\OpenFrameworks\addons\ofxXmlSettings\libs\tinyxmlparser.cpp">
      <Filter>addons\ofxXmlSettings\libs</Filter>
    </ClCompile>
    <ClCompile Include="..\..\..\..\..\..\OpenFrameworks\addons\ofxRay\src\ofxRay\Base.cpp">
      <Filter>addons\ofxRay\src\ofxRay</Filter>
    </ClCompile>
    <ClCompile Include="..\..\..\..\..\..\OpenFrameworks\addons\ofxRay\src\ofxRay\Camera.cpp">
      <Filter>addons\ofxRay\src\ofxRay</Filter>
    </ClCompile>
    <ClCompile Include="..\..\..\..\..\..\OpenFrameworks\addons\ofxRay\src\ofxRay\Plane.cpp">
      <Filter>addons\ofxRay\src\ofxRay</Filter>
    </ClCompile>
    <ClCompile Include="..\..\..\..\..\..\OpenFrameworks\addons\ofxRay\src\ofxRay\Plane_fitToPoints.cpp">
      <Filter>addons\ofxRay\src\ofxRay</Filter>
    </ClCompile>
    <ClCompile Include="..\..\..\..\..\..\OpenFrameworks\addons\ofxRay\src\ofxRay\Projector.cpp">
      <Filter>addons\ofxRay\src\ofxRay</Filter>
    </ClCompile>
    <ClCompile Include="..\..\..\..\..\..\OpenFrameworks\addons\ofxRay\src\ofxRay\Ray.cpp">
      <Filter>addons\ofxRay\src\ofxRay</Filter>
    </ClCompile>
  </ItemGroup>
  <ItemGroup>
    <Filter Include="src">
      <UniqueIdentifier>{d8376475-7454-4a24-b08a-aac121d3ad6f}</UniqueIdentifier>
    </Filter>
    <Filter Include="addons">
      <UniqueIdentifier>{a44e7054-757b-4b5a-b44a-c5fdc4648a03}</UniqueIdentifier>
    </Filter>
    <Filter Include="addons\ofxGui">
      <UniqueIdentifier>{dabc53c1-cb8a-43de-8608-9ce1094570c6}</UniqueIdentifier>
    </Filter>
    <Filter Include="addons\ofxGui\src">
      <UniqueIdentifier>{f851afbb-4b35-4702-ac98-45e7ffbcc2fa}</UniqueIdentifier>
    </Filter>
    <Filter Include="addons\ofxXmlSettings">
      <UniqueIdentifier>{97ec31ec-f8b5-4298-af9d-9ee9c1c2667e}</UniqueIdentifier>
    </Filter>
    <Filter Include="addons\ofxXmlSettings\src">
      <UniqueIdentifier>{9467cd1d-3ab9-45f4-a346-91b081343167}</UniqueIdentifier>
    </Filter>
    <Filter Include="addons\ofxXmlSettings\libs">
      <UniqueIdentifier>{d586903a-c67f-4558-a4ea-c58b1c014119}</UniqueIdentifier>
    </Filter>
    <Filter Include="addons\ofxRay">
      <UniqueIdentifier>{3b6f8f32-4a55-4b55-96cb-9e19ca5755c5}</UniqueIdentifier>
    </Filter>
    <Filter Include="addons\ofxRay\src">
      <UniqueIdentifier>{3500b373-7240-4bcf-b98f-f78570925798}</UniqueIdentifier>
    </Filter>
    <Filter Include="addons\ofxRay\src\ofxRay">
      <UniqueIdentifier>{cfb8f868-73c5-4e05-a66b-36aa62415a91}</UniqueIdentifier>
    </Filter>
    <Filter Include="src\shaders">
      <UniqueIdentifier>{ee7e7999-f08c-4685-aa34-2b00164aeeb6}</UniqueIdentifier>
    </Filter>
  </ItemGroup>
  <ItemGroup>
    <ClInclude Include="src\ofApp.h">
      <Filter>src</Filter>
    </ClInclude>
    <ClInclude Include="..\..\..\..\..\..\OpenFrameworks\addons\ofxGui\src\ofxBaseGui.h">
      <Filter>addons\ofxGui\src</Filter>
    </ClInclude>
    <ClInclude Include="..\..\..\..\..\..\OpenFrameworks\addons\ofxGui\src\ofxButton.h">
      <Filter>addons\ofxGui\src</Filter>
    </ClInclude>
    <ClInclude Include="..\..\..\..\..\..\OpenFrameworks\addons\ofxGui\src\ofxGui.h">
      <Filter>addons\ofxGui\src</Filter>
    </ClInclude>
    <ClInclude Include="..\..\..\..\..\..\OpenFrameworks\addons\ofxGui\src\ofxGuiGroup.h">
      <Filter>addons\ofxGui\src</Filter>
    </ClInclude>
    <ClInclude Include="..\..\..\..\..\..\OpenFrameworks\addons\ofxGui\src\ofxLabel.h">
      <Filter>addons\ofxGui\src</Filter>
    </ClInclude>
    <ClInclude Include="..\..\..\..\..\..\OpenFrameworks\addons\ofxGui\src\ofxPanel.h">
      <Filter>addons\ofxGui\src</Filter>
    </ClInclude>
    <ClInclude Include="..\..\..\..\..\..\OpenFrameworks\addons\ofxGui\src\ofxSlider.h">
      <Filter>addons\ofxGui\src</Filter>
    </ClInclude>
    <ClInclude Include="..\..\..\..\..\..\OpenFrameworks\addons\ofxGui\src\ofxSliderGroup.h">
      <Filter>addons\ofxGui\src</Filter>
    </ClInclude>
    <ClInclude Include="..\..\..\..\..\..\OpenFrameworks\addons\ofxGui\src\ofxToggle.h">
      <Filter>addons\ofxGui\src</Filter>
    </ClInclude>
    <ClInclude Include="..\..\..\..\..\..\OpenFrameworks\addons\ofxXmlSettings\src\ofxXmlSettings.h">
      <Filter>addons\ofxXmlSettings\src</Filter>
    </ClInclude>
    <ClInclude Include="..\..\..\..\..\..\OpenFrameworks\addons\ofxXmlSettings\libs\tinyxml.h">
      <Filter>addons\ofxXmlSettings\libs</Filter>
    </ClInclude>
    <ClInclude Include="..\..\..\..\..\..\OpenFrameworks\addons\ofxRay\src\ofxRay.h">
      <Filter>addons\ofxRay\src</Filter>
    </ClInclude>
    <ClInclude Include="..\..\..\..\..\..\OpenFrameworks\addons\ofxRay\src\ofxRay\Base.h">
      <Filter>addons\ofxRay\src\ofxRay</Filter>
    </ClInclude>
    <ClInclude Include="..\..\..\..\..\..\OpenFrameworks\addons\ofxRay\src\ofxRay\Camera.h">
      <Filter>addons\ofxRay\src\ofxRay</Filter>
    </ClInclude>
    <ClInclude Include="..\..\..\..\..\..\OpenFrameworks\addons\ofxRay\src\ofxRay\Plane.h">
      <Filter>addons\ofxRay\src\ofxRay</Filter>
    </ClInclude>
    <ClInclude Include="..\..\..\..\..\..\OpenFrameworks\addons\ofxRay\src\ofxRay\Projector.h">
      <Filter>addons\ofxRay\src\ofxRay</Filter>
    </ClInclude>
    <ClInclude Include="..\..\..\..\..\..\OpenFrameworks\addons\ofxRay\src\ofxRay\Ray.h">
      <Filter>addons\ofxRay\src\ofxRay</Filter>
    </ClInclude>
  </ItemGroup>
  <ItemGroup>
    <ResourceCompile Include="icon.rc" />
  </ItemGroup>
  <ItemGroup>
    <None Include="mouseselection.frag">
      <Filter>src\shaders</Filter>
    </None>
    <None Include="mouseselection.vert">
      <Filter>src\shaders</Filter>
    </None>
  </ItemGroup>
</Project>